// !$*UTF8*$!
{
	archiveVersion = 1;
	classes = {
	};
	objectVersion = 46;
	objects = {

/* Begin PBXBuildFile section */
		210CEB6C1DFFBA1C001A4A2A /* DirectorChildPhotoViewController.swift in Sources */ = {isa = PBXBuildFile; fileRef = 210CEB6B1DFFBA1C001A4A2A /* DirectorChildPhotoViewController.swift */; };
		210CEB6E1DFFBAF7001A4A2A /* DirectorCreateDailyReportViewController.swift in Sources */ = {isa = PBXBuildFile; fileRef = 210CEB6D1DFFBAF7001A4A2A /* DirectorCreateDailyReportViewController.swift */; };
		210CEB721DFFDFA8001A4A2A /* DirectorCheckinViewController.swift in Sources */ = {isa = PBXBuildFile; fileRef = 210CEB711DFFDFA8001A4A2A /* DirectorCheckinViewController.swift */; };
		210CEB741DFFE9E7001A4A2A /* DirectorTrackMilestoneViewController.swift in Sources */ = {isa = PBXBuildFile; fileRef = 210CEB731DFFE9E7001A4A2A /* DirectorTrackMilestoneViewController.swift */; };
		211DF5911E16719700BD39FD /* DailyReportTableViewCell.swift in Sources */ = {isa = PBXBuildFile; fileRef = 211DF5901E16719700BD39FD /* DailyReportTableViewCell.swift */; };
		211DF5931E16731500BD39FD /* CreateEventTableViewCell.swift in Sources */ = {isa = PBXBuildFile; fileRef = 211DF5921E16731500BD39FD /* CreateEventTableViewCell.swift */; };
		211DF5951E1676CE00BD39FD /* CheckInCollectionViewCell.swift in Sources */ = {isa = PBXBuildFile; fileRef = 211DF5941E1676CE00BD39FD /* CheckInCollectionViewCell.swift */; };
		212976D81DFA836E00097A77 /* TeacherDailyReportViewController.swift in Sources */ = {isa = PBXBuildFile; fileRef = 212976D71DFA836E00097A77 /* TeacherDailyReportViewController.swift */; };
		215A94821DF940ED00947A78 /* TeacherCheckinViewController.swift in Sources */ = {isa = PBXBuildFile; fileRef = 215A94811DF940ED00947A78 /* TeacherCheckinViewController.swift */; };
		2197280A1E07BE3C004640B1 /* DirectorProfileViewController.swift in Sources */ = {isa = PBXBuildFile; fileRef = 219728091E07BE3C004640B1 /* DirectorProfileViewController.swift */; };
		2197280C1E07C499004640B1 /* DirectorCreateEventViewController.swift in Sources */ = {isa = PBXBuildFile; fileRef = 2197280B1E07C499004640B1 /* DirectorCreateEventViewController.swift */; };
		2197280E1E07CA82004640B1 /* DirectorTrackPaymentViewController.swift in Sources */ = {isa = PBXBuildFile; fileRef = 2197280D1E07CA82004640B1 /* DirectorTrackPaymentViewController.swift */; };
		219728101E07CF27004640B1 /* DirectorManageClassViewController.swift in Sources */ = {isa = PBXBuildFile; fileRef = 2197280F1E07CF27004640B1 /* DirectorManageClassViewController.swift */; };
		219728121E07E135004640B1 /* DirectorCreateLevelViewController.swift in Sources */ = {isa = PBXBuildFile; fileRef = 219728111E07E135004640B1 /* DirectorCreateLevelViewController.swift */; };
		219728141E07E14A004640B1 /* DirectorCreateClassViewController.swift in Sources */ = {isa = PBXBuildFile; fileRef = 219728131E07E14A004640B1 /* DirectorCreateClassViewController.swift */; };
		219728161E07E1D8004640B1 /* DirectorAddChildViewController.swift in Sources */ = {isa = PBXBuildFile; fileRef = 219728151E07E1D8004640B1 /* DirectorAddChildViewController.swift */; };
		219728181E07E1E9004640B1 /* DirectorMoveChildViewController.swift in Sources */ = {isa = PBXBuildFile; fileRef = 219728171E07E1E9004640B1 /* DirectorMoveChildViewController.swift */; };
		2197281A1E07E1FB004640B1 /* DirectorPaymentViewController.swift in Sources */ = {isa = PBXBuildFile; fileRef = 219728191E07E1FB004640B1 /* DirectorPaymentViewController.swift */; };
		2197281C1E07E211004640B1 /* DirectorMilestoneViewController.swift in Sources */ = {isa = PBXBuildFile; fileRef = 2197281B1E07E211004640B1 /* DirectorMilestoneViewController.swift */; };
		2197281E1E07E292004640B1 /* DirectorCreateMealViewController.swift in Sources */ = {isa = PBXBuildFile; fileRef = 2197281D1E07E292004640B1 /* DirectorCreateMealViewController.swift */; };
		21C3B11E1E1B8CCF00D73DF7 /* TeacherGalleryCollectionViewCell.swift in Sources */ = {isa = PBXBuildFile; fileRef = 21C3B11D1E1B8CCF00D73DF7 /* TeacherGalleryCollectionViewCell.swift */; };
		21C3B1201E1B971900D73DF7 /* BigImageGalleryViewController.swift in Sources */ = {isa = PBXBuildFile; fileRef = 21C3B11F1E1B971900D73DF7 /* BigImageGalleryViewController.swift */; };
		21E152681E0BA42E00388DE3 /* DirectorAddChild2ViewController.swift in Sources */ = {isa = PBXBuildFile; fileRef = 21E152671E0BA42E00388DE3 /* DirectorAddChild2ViewController.swift */; };
		21FA1B051DFE0B130073AD87 /* TeacherCreateEventViewController.swift in Sources */ = {isa = PBXBuildFile; fileRef = 21FA1B041DFE0B130073AD87 /* TeacherCreateEventViewController.swift */; };
		21FA1B071DFE0FF80073AD87 /* TeacherCreateChildPhotoViewController.swift in Sources */ = {isa = PBXBuildFile; fileRef = 21FA1B061DFE0FF80073AD87 /* TeacherCreateChildPhotoViewController.swift */; };
		21FA1B091DFE15360073AD87 /* TeacherTrackMilestonesViewController.swift in Sources */ = {isa = PBXBuildFile; fileRef = 21FA1B081DFE15360073AD87 /* TeacherTrackMilestonesViewController.swift */; };
		21FA1B0B1DFE16FE0073AD87 /* TeacherProfileViewController.swift in Sources */ = {isa = PBXBuildFile; fileRef = 21FA1B0A1DFE16FE0073AD87 /* TeacherProfileViewController.swift */; };
		512A27451DE9892200B48013 /* AppDelegate.swift in Sources */ = {isa = PBXBuildFile; fileRef = 512A27441DE9892200B48013 /* AppDelegate.swift */; };
		512A27471DE9892200B48013 /* LoginViewC.swift in Sources */ = {isa = PBXBuildFile; fileRef = 512A27461DE9892200B48013 /* LoginViewC.swift */; };
		512A274A1DE9892200B48013 /* Main.storyboard in Resources */ = {isa = PBXBuildFile; fileRef = 512A27481DE9892200B48013 /* Main.storyboard */; };
		512A274D1DE9892200B48013 /* CreativeAppDirectorTeacher.xcdatamodeld in Sources */ = {isa = PBXBuildFile; fileRef = 512A274B1DE9892200B48013 /* CreativeAppDirectorTeacher.xcdatamodeld */; };
		512A274F1DE9892200B48013 /* Assets.xcassets in Resources */ = {isa = PBXBuildFile; fileRef = 512A274E1DE9892200B48013 /* Assets.xcassets */; };
		512A27521DE9892200B48013 /* LaunchScreen.storyboard in Resources */ = {isa = PBXBuildFile; fileRef = 512A27501DE9892200B48013 /* LaunchScreen.storyboard */; };
		512A275C1DE98BFB00B48013 /* Define.swift in Sources */ = {isa = PBXBuildFile; fileRef = 512A27591DE98BFB00B48013 /* Define.swift */; };
		512A275D1DE98BFB00B48013 /* Utils.swift in Sources */ = {isa = PBXBuildFile; fileRef = 512A275A1DE98BFB00B48013 /* Utils.swift */; };
		512A275E1DE98BFB00B48013 /* WebConnection.swift in Sources */ = {isa = PBXBuildFile; fileRef = 512A275B1DE98BFB00B48013 /* WebConnection.swift */; };
		517419DE1E10E6AD00AF3CB4 /* MasterDirectorManageViewC.swift in Sources */ = {isa = PBXBuildFile; fileRef = 517419DD1E10E6AD00AF3CB4 /* MasterDirectorManageViewC.swift */; };
		518A0DC21DEA095C00A7FFE8 /* Localizable.strings in Resources */ = {isa = PBXBuildFile; fileRef = 518A0DC41DEA095C00A7FFE8 /* Localizable.strings */; };
		518A0DC81DEA0B6100A7FFE8 /* String+Localization.swift in Sources */ = {isa = PBXBuildFile; fileRef = 518A0DC71DEA0B6100A7FFE8 /* String+Localization.swift */; };
		51AA1B201E0E4CF100211430 /* DirectorHomeViewC.swift in Sources */ = {isa = PBXBuildFile; fileRef = 51AA1B1F1E0E4CF100211430 /* DirectorHomeViewC.swift */; };
		51AA1B221E0E4DBD00211430 /* TeacherHomeViewC.swift in Sources */ = {isa = PBXBuildFile; fileRef = 51AA1B211E0E4DBD00211430 /* TeacherHomeViewC.swift */; };
		51AA1B241E0E4F4600211430 /* EmptySegue.swift in Sources */ = {isa = PBXBuildFile; fileRef = 51AA1B231E0E4F4600211430 /* EmptySegue.swift */; };
		51AA1B261E0E50C600211430 /* MasterDirectorViewC.swift in Sources */ = {isa = PBXBuildFile; fileRef = 51AA1B251E0E50C600211430 /* MasterDirectorViewC.swift */; };
		51AA1B281E0E50EE00211430 /* MasterTeacherViewC.swift in Sources */ = {isa = PBXBuildFile; fileRef = 51AA1B271E0E50EE00211430 /* MasterTeacherViewC.swift */; };
		51AA1B2A1E0E571600211430 /* DirectorAddChildNavC.swift in Sources */ = {isa = PBXBuildFile; fileRef = 51AA1B291E0E571600211430 /* DirectorAddChildNavC.swift */; };
		51E648791DE9C7D4004887F9 /* Singleton.swift in Sources */ = {isa = PBXBuildFile; fileRef = 51E648781DE9C7D4004887F9 /* Singleton.swift */; };
		51E6487F1DE9CE13004887F9 /* Roboto-Black.ttf in Resources */ = {isa = PBXBuildFile; fileRef = 51E6487A1DE9CE13004887F9 /* Roboto-Black.ttf */; };
		51E648801DE9CE13004887F9 /* Roboto-Bold.ttf in Resources */ = {isa = PBXBuildFile; fileRef = 51E6487B1DE9CE13004887F9 /* Roboto-Bold.ttf */; };
		51E648811DE9CE13004887F9 /* Roboto-Light.ttf in Resources */ = {isa = PBXBuildFile; fileRef = 51E6487C1DE9CE13004887F9 /* Roboto-Light.ttf */; };
		51E648821DE9CE13004887F9 /* Roboto-Medium.ttf in Resources */ = {isa = PBXBuildFile; fileRef = 51E6487D1DE9CE13004887F9 /* Roboto-Medium.ttf */; };
		51E648831DE9CE13004887F9 /* Roboto-Regular.ttf in Resources */ = {isa = PBXBuildFile; fileRef = 51E6487E1DE9CE13004887F9 /* Roboto-Regular.ttf */; };
		F82FBA8557B99E3649C89571 /* Pods_CreativeAppDirectorTeacher.framework in Frameworks */ = {isa = PBXBuildFile; fileRef = 71D7C286166084089A9B9098 /* Pods_CreativeAppDirectorTeacher.framework */; };
/* End PBXBuildFile section */

/* Begin PBXFileReference section */
		210CEB6B1DFFBA1C001A4A2A /* DirectorChildPhotoViewController.swift */ = {isa = PBXFileReference; fileEncoding = 4; lastKnownFileType = sourcecode.swift; path = DirectorChildPhotoViewController.swift; sourceTree = "<group>"; };
		210CEB6D1DFFBAF7001A4A2A /* DirectorCreateDailyReportViewController.swift */ = {isa = PBXFileReference; fileEncoding = 4; lastKnownFileType = sourcecode.swift; path = DirectorCreateDailyReportViewController.swift; sourceTree = "<group>"; };
		210CEB711DFFDFA8001A4A2A /* DirectorCheckinViewController.swift */ = {isa = PBXFileReference; fileEncoding = 4; lastKnownFileType = sourcecode.swift; path = DirectorCheckinViewController.swift; sourceTree = "<group>"; };
		210CEB731DFFE9E7001A4A2A /* DirectorTrackMilestoneViewController.swift */ = {isa = PBXFileReference; fileEncoding = 4; lastKnownFileType = sourcecode.swift; path = DirectorTrackMilestoneViewController.swift; sourceTree = "<group>"; };
		211DF5901E16719700BD39FD /* DailyReportTableViewCell.swift */ = {isa = PBXFileReference; fileEncoding = 4; lastKnownFileType = sourcecode.swift; path = DailyReportTableViewCell.swift; sourceTree = "<group>"; };
		211DF5921E16731500BD39FD /* CreateEventTableViewCell.swift */ = {isa = PBXFileReference; fileEncoding = 4; lastKnownFileType = sourcecode.swift; path = CreateEventTableViewCell.swift; sourceTree = "<group>"; };
		211DF5941E1676CE00BD39FD /* CheckInCollectionViewCell.swift */ = {isa = PBXFileReference; fileEncoding = 4; lastKnownFileType = sourcecode.swift; path = CheckInCollectionViewCell.swift; sourceTree = "<group>"; };
		212976D71DFA836E00097A77 /* TeacherDailyReportViewController.swift */ = {isa = PBXFileReference; fileEncoding = 4; lastKnownFileType = sourcecode.swift; path = TeacherDailyReportViewController.swift; sourceTree = "<group>"; };
		215A94811DF940ED00947A78 /* TeacherCheckinViewController.swift */ = {isa = PBXFileReference; fileEncoding = 4; lastKnownFileType = sourcecode.swift; path = TeacherCheckinViewController.swift; sourceTree = "<group>"; };
		219728091E07BE3C004640B1 /* DirectorProfileViewController.swift */ = {isa = PBXFileReference; fileEncoding = 4; lastKnownFileType = sourcecode.swift; path = DirectorProfileViewController.swift; sourceTree = "<group>"; };
		2197280B1E07C499004640B1 /* DirectorCreateEventViewController.swift */ = {isa = PBXFileReference; fileEncoding = 4; lastKnownFileType = sourcecode.swift; path = DirectorCreateEventViewController.swift; sourceTree = "<group>"; };
		2197280D1E07CA82004640B1 /* DirectorTrackPaymentViewController.swift */ = {isa = PBXFileReference; fileEncoding = 4; lastKnownFileType = sourcecode.swift; path = DirectorTrackPaymentViewController.swift; sourceTree = "<group>"; };
		2197280F1E07CF27004640B1 /* DirectorManageClassViewController.swift */ = {isa = PBXFileReference; fileEncoding = 4; lastKnownFileType = sourcecode.swift; path = DirectorManageClassViewController.swift; sourceTree = "<group>"; };
		219728111E07E135004640B1 /* DirectorCreateLevelViewController.swift */ = {isa = PBXFileReference; fileEncoding = 4; lastKnownFileType = sourcecode.swift; path = DirectorCreateLevelViewController.swift; sourceTree = "<group>"; };
		219728131E07E14A004640B1 /* DirectorCreateClassViewController.swift */ = {isa = PBXFileReference; fileEncoding = 4; lastKnownFileType = sourcecode.swift; path = DirectorCreateClassViewController.swift; sourceTree = "<group>"; };
		219728151E07E1D8004640B1 /* DirectorAddChildViewController.swift */ = {isa = PBXFileReference; fileEncoding = 4; lastKnownFileType = sourcecode.swift; path = DirectorAddChildViewController.swift; sourceTree = "<group>"; };
		219728171E07E1E9004640B1 /* DirectorMoveChildViewController.swift */ = {isa = PBXFileReference; fileEncoding = 4; lastKnownFileType = sourcecode.swift; path = DirectorMoveChildViewController.swift; sourceTree = "<group>"; };
		219728191E07E1FB004640B1 /* DirectorPaymentViewController.swift */ = {isa = PBXFileReference; fileEncoding = 4; lastKnownFileType = sourcecode.swift; path = DirectorPaymentViewController.swift; sourceTree = "<group>"; };
		2197281B1E07E211004640B1 /* DirectorMilestoneViewController.swift */ = {isa = PBXFileReference; fileEncoding = 4; lastKnownFileType = sourcecode.swift; path = DirectorMilestoneViewController.swift; sourceTree = "<group>"; };
		2197281D1E07E292004640B1 /* DirectorCreateMealViewController.swift */ = {isa = PBXFileReference; fileEncoding = 4; lastKnownFileType = sourcecode.swift; path = DirectorCreateMealViewController.swift; sourceTree = "<group>"; };
		21C3B11D1E1B8CCF00D73DF7 /* TeacherGalleryCollectionViewCell.swift */ = {isa = PBXFileReference; fileEncoding = 4; lastKnownFileType = sourcecode.swift; path = TeacherGalleryCollectionViewCell.swift; sourceTree = "<group>"; };
		21C3B11F1E1B971900D73DF7 /* BigImageGalleryViewController.swift */ = {isa = PBXFileReference; fileEncoding = 4; lastKnownFileType = sourcecode.swift; path = BigImageGalleryViewController.swift; sourceTree = "<group>"; };
		21E152671E0BA42E00388DE3 /* DirectorAddChild2ViewController.swift */ = {isa = PBXFileReference; fileEncoding = 4; lastKnownFileType = sourcecode.swift; path = DirectorAddChild2ViewController.swift; sourceTree = "<group>"; };
		21FA1B041DFE0B130073AD87 /* TeacherCreateEventViewController.swift */ = {isa = PBXFileReference; fileEncoding = 4; lastKnownFileType = sourcecode.swift; path = TeacherCreateEventViewController.swift; sourceTree = "<group>"; };
		21FA1B061DFE0FF80073AD87 /* TeacherCreateChildPhotoViewController.swift */ = {isa = PBXFileReference; fileEncoding = 4; lastKnownFileType = sourcecode.swift; path = TeacherCreateChildPhotoViewController.swift; sourceTree = "<group>"; };
		21FA1B081DFE15360073AD87 /* TeacherTrackMilestonesViewController.swift */ = {isa = PBXFileReference; fileEncoding = 4; lastKnownFileType = sourcecode.swift; path = TeacherTrackMilestonesViewController.swift; sourceTree = "<group>"; };
		21FA1B0A1DFE16FE0073AD87 /* TeacherProfileViewController.swift */ = {isa = PBXFileReference; fileEncoding = 4; lastKnownFileType = sourcecode.swift; path = TeacherProfileViewController.swift; sourceTree = "<group>"; };
		31FE7B28A0BE0F884A033E44 /* Pods-CreativeAppDirectorTeacher.debug.xcconfig */ = {isa = PBXFileReference; includeInIndex = 1; lastKnownFileType = text.xcconfig; name = "Pods-CreativeAppDirectorTeacher.debug.xcconfig"; path = "Pods/Target Support Files/Pods-CreativeAppDirectorTeacher/Pods-CreativeAppDirectorTeacher.debug.xcconfig"; sourceTree = "<group>"; };
		512A27411DE9892200B48013 /* CreativeAppDirectorTeacher.app */ = {isa = PBXFileReference; explicitFileType = wrapper.application; includeInIndex = 0; path = CreativeAppDirectorTeacher.app; sourceTree = BUILT_PRODUCTS_DIR; };
		512A27441DE9892200B48013 /* AppDelegate.swift */ = {isa = PBXFileReference; lastKnownFileType = sourcecode.swift; path = AppDelegate.swift; sourceTree = "<group>"; };
		512A27461DE9892200B48013 /* LoginViewC.swift */ = {isa = PBXFileReference; lastKnownFileType = sourcecode.swift; path = LoginViewC.swift; sourceTree = "<group>"; };
		512A27491DE9892200B48013 /* Base */ = {isa = PBXFileReference; lastKnownFileType = file.storyboard; name = Base; path = Base.lproj/Main.storyboard; sourceTree = "<group>"; };
		512A274C1DE9892200B48013 /* CreativeAppDirectorTeacher.xcdatamodel */ = {isa = PBXFileReference; lastKnownFileType = wrapper.xcdatamodel; path = CreativeAppDirectorTeacher.xcdatamodel; sourceTree = "<group>"; };
		512A274E1DE9892200B48013 /* Assets.xcassets */ = {isa = PBXFileReference; lastKnownFileType = folder.assetcatalog; path = Assets.xcassets; sourceTree = "<group>"; };
		512A27511DE9892200B48013 /* Base */ = {isa = PBXFileReference; lastKnownFileType = file.storyboard; name = Base; path = Base.lproj/LaunchScreen.storyboard; sourceTree = "<group>"; };
		512A27531DE9892200B48013 /* Info.plist */ = {isa = PBXFileReference; lastKnownFileType = text.plist.xml; path = Info.plist; sourceTree = "<group>"; };
		512A27591DE98BFB00B48013 /* Define.swift */ = {isa = PBXFileReference; fileEncoding = 4; lastKnownFileType = sourcecode.swift; path = Define.swift; sourceTree = "<group>"; };
		512A275A1DE98BFB00B48013 /* Utils.swift */ = {isa = PBXFileReference; fileEncoding = 4; lastKnownFileType = sourcecode.swift; path = Utils.swift; sourceTree = "<group>"; };
		512A275B1DE98BFB00B48013 /* WebConnection.swift */ = {isa = PBXFileReference; fileEncoding = 4; lastKnownFileType = sourcecode.swift; path = WebConnection.swift; sourceTree = "<group>"; };
		517419DD1E10E6AD00AF3CB4 /* MasterDirectorManageViewC.swift */ = {isa = PBXFileReference; fileEncoding = 4; lastKnownFileType = sourcecode.swift; path = MasterDirectorManageViewC.swift; sourceTree = "<group>"; };
		518A0DBE1DEA087200A7FFE8 /* fr */ = {isa = PBXFileReference; lastKnownFileType = text.plist.strings; name = fr; path = fr.lproj/Main.strings; sourceTree = "<group>"; };
		518A0DBF1DEA087200A7FFE8 /* fr */ = {isa = PBXFileReference; lastKnownFileType = text.plist.strings; name = fr; path = fr.lproj/LaunchScreen.strings; sourceTree = "<group>"; };
		518A0DC31DEA095C00A7FFE8 /* en */ = {isa = PBXFileReference; lastKnownFileType = text.plist.strings; name = en; path = en.lproj/Localizable.strings; sourceTree = "<group>"; };
		518A0DC51DEA096200A7FFE8 /* fr */ = {isa = PBXFileReference; lastKnownFileType = text.plist.strings; name = fr; path = fr.lproj/Localizable.strings; sourceTree = "<group>"; };
		518A0DC61DEA096500A7FFE8 /* Base */ = {isa = PBXFileReference; lastKnownFileType = text.plist.strings; name = Base; path = Base.lproj/Localizable.strings; sourceTree = "<group>"; };
		518A0DC71DEA0B6100A7FFE8 /* String+Localization.swift */ = {isa = PBXFileReference; fileEncoding = 4; lastKnownFileType = sourcecode.swift; path = "String+Localization.swift"; sourceTree = "<group>"; };
		51AA1B1F1E0E4CF100211430 /* DirectorHomeViewC.swift */ = {isa = PBXFileReference; fileEncoding = 4; lastKnownFileType = sourcecode.swift; path = DirectorHomeViewC.swift; sourceTree = "<group>"; };
		51AA1B211E0E4DBD00211430 /* TeacherHomeViewC.swift */ = {isa = PBXFileReference; fileEncoding = 4; lastKnownFileType = sourcecode.swift; path = TeacherHomeViewC.swift; sourceTree = "<group>"; };
		51AA1B231E0E4F4600211430 /* EmptySegue.swift */ = {isa = PBXFileReference; fileEncoding = 4; lastKnownFileType = sourcecode.swift; path = EmptySegue.swift; sourceTree = "<group>"; };
		51AA1B251E0E50C600211430 /* MasterDirectorViewC.swift */ = {isa = PBXFileReference; fileEncoding = 4; lastKnownFileType = sourcecode.swift; path = MasterDirectorViewC.swift; sourceTree = "<group>"; };
		51AA1B271E0E50EE00211430 /* MasterTeacherViewC.swift */ = {isa = PBXFileReference; fileEncoding = 4; lastKnownFileType = sourcecode.swift; path = MasterTeacherViewC.swift; sourceTree = "<group>"; };
		51AA1B291E0E571600211430 /* DirectorAddChildNavC.swift */ = {isa = PBXFileReference; fileEncoding = 4; lastKnownFileType = sourcecode.swift; path = DirectorAddChildNavC.swift; sourceTree = "<group>"; };
		51E648781DE9C7D4004887F9 /* Singleton.swift */ = {isa = PBXFileReference; fileEncoding = 4; lastKnownFileType = sourcecode.swift; path = Singleton.swift; sourceTree = "<group>"; };
		51E6487A1DE9CE13004887F9 /* Roboto-Black.ttf */ = {isa = PBXFileReference; lastKnownFileType = file; name = "Roboto-Black.ttf"; path = "Fonts/Roboto-Black.ttf"; sourceTree = "<group>"; };
		51E6487B1DE9CE13004887F9 /* Roboto-Bold.ttf */ = {isa = PBXFileReference; lastKnownFileType = file; name = "Roboto-Bold.ttf"; path = "Fonts/Roboto-Bold.ttf"; sourceTree = "<group>"; };
		51E6487C1DE9CE13004887F9 /* Roboto-Light.ttf */ = {isa = PBXFileReference; lastKnownFileType = file; name = "Roboto-Light.ttf"; path = "Fonts/Roboto-Light.ttf"; sourceTree = "<group>"; };
		51E6487D1DE9CE13004887F9 /* Roboto-Medium.ttf */ = {isa = PBXFileReference; lastKnownFileType = file; name = "Roboto-Medium.ttf"; path = "Fonts/Roboto-Medium.ttf"; sourceTree = "<group>"; };
		51E6487E1DE9CE13004887F9 /* Roboto-Regular.ttf */ = {isa = PBXFileReference; lastKnownFileType = file; name = "Roboto-Regular.ttf"; path = "Fonts/Roboto-Regular.ttf"; sourceTree = "<group>"; };
		71D7C286166084089A9B9098 /* Pods_CreativeAppDirectorTeacher.framework */ = {isa = PBXFileReference; explicitFileType = wrapper.framework; includeInIndex = 0; path = Pods_CreativeAppDirectorTeacher.framework; sourceTree = BUILT_PRODUCTS_DIR; };
		CAB979953302589A3B17B0FE /* Pods-CreativeAppDirectorTeacher.release.xcconfig */ = {isa = PBXFileReference; includeInIndex = 1; lastKnownFileType = text.xcconfig; name = "Pods-CreativeAppDirectorTeacher.release.xcconfig"; path = "Pods/Target Support Files/Pods-CreativeAppDirectorTeacher/Pods-CreativeAppDirectorTeacher.release.xcconfig"; sourceTree = "<group>"; };
/* End PBXFileReference section */

/* Begin PBXFrameworksBuildPhase section */
		512A273E1DE9892100B48013 /* Frameworks */ = {
			isa = PBXFrameworksBuildPhase;
			buildActionMask = 2147483647;
			files = (
				F82FBA8557B99E3649C89571 /* Pods_CreativeAppDirectorTeacher.framework in Frameworks */,
			);
			runOnlyForDeploymentPostprocessing = 0;
		};
/* End PBXFrameworksBuildPhase section */

/* Begin PBXGroup section */
		212976D61DFA728900097A77 /* Models */ = {
			isa = PBXGroup;
			children = (
				211DF5901E16719700BD39FD /* DailyReportTableViewCell.swift */,
				211DF5921E16731500BD39FD /* CreateEventTableViewCell.swift */,
				211DF5941E1676CE00BD39FD /* CheckInCollectionViewCell.swift */,
				21C3B11D1E1B8CCF00D73DF7 /* TeacherGalleryCollectionViewCell.swift */,
			);
			name = Models;
			sourceTree = "<group>";
		};
		4294480280CA3EFA1B898A3E /* Pods */ = {
			isa = PBXGroup;
			children = (
				31FE7B28A0BE0F884A033E44 /* Pods-CreativeAppDirectorTeacher.debug.xcconfig */,
				CAB979953302589A3B17B0FE /* Pods-CreativeAppDirectorTeacher.release.xcconfig */,
			);
			name = Pods;
			sourceTree = "<group>";
		};
		512A27381DE9892100B48013 = {
			isa = PBXGroup;
			children = (
				512A27431DE9892200B48013 /* CreativeAppDirectorTeacher */,
				512A27421DE9892200B48013 /* Products */,
				4294480280CA3EFA1B898A3E /* Pods */,
				F6E16B2677DC725B2EEE0806 /* Frameworks */,
			);
			sourceTree = "<group>";
		};
		512A27421DE9892200B48013 /* Products */ = {
			isa = PBXGroup;
			children = (
				512A27411DE9892200B48013 /* CreativeAppDirectorTeacher.app */,
			);
			name = Products;
			sourceTree = "<group>";
		};
		512A27431DE9892200B48013 /* CreativeAppDirectorTeacher */ = {
			isa = PBXGroup;
			children = (
				512A27441DE9892200B48013 /* AppDelegate.swift */,
				212976D61DFA728900097A77 /* Models */,
				512A27601DE98F8800B48013 /* Views */,
				512A27611DE98F9400B48013 /* Controllers */,
				518A0DB71DE9FB1800A7FFE8 /* Language */,
				51E648841DE9CE1C004887F9 /* Fonts */,
				512A275F1DE98F5F00B48013 /* ReusableComponents */,
				512A274E1DE9892200B48013 /* Assets.xcassets */,
				512A27531DE9892200B48013 /* Info.plist */,
				512A27621DE98FA100B48013 /* CoreData */,
			);
			path = CreativeAppDirectorTeacher;
			sourceTree = "<group>";
		};
		512A275F1DE98F5F00B48013 /* ReusableComponents */ = {
			isa = PBXGroup;
			children = (
				512A27591DE98BFB00B48013 /* Define.swift */,
				512A275A1DE98BFB00B48013 /* Utils.swift */,
				512A275B1DE98BFB00B48013 /* WebConnection.swift */,
				51E648781DE9C7D4004887F9 /* Singleton.swift */,
			);
			name = ReusableComponents;
			sourceTree = "<group>";
		};
		512A27601DE98F8800B48013 /* Views */ = {
			isa = PBXGroup;
			children = (
				512A27481DE9892200B48013 /* Main.storyboard */,
				512A27501DE9892200B48013 /* LaunchScreen.storyboard */,
				51AA1B231E0E4F4600211430 /* EmptySegue.swift */,
			);
			name = Views;
			sourceTree = "<group>";
		};
		512A27611DE98F9400B48013 /* Controllers */ = {
			isa = PBXGroup;
			children = (
				512A27461DE9892200B48013 /* LoginViewC.swift */,
				51AA1B1F1E0E4CF100211430 /* DirectorHomeViewC.swift */,
				51AA1B251E0E50C600211430 /* MasterDirectorViewC.swift */,
				517419DD1E10E6AD00AF3CB4 /* MasterDirectorManageViewC.swift */,
				51AA1B211E0E4DBD00211430 /* TeacherHomeViewC.swift */,
				51AA1B271E0E50EE00211430 /* MasterTeacherViewC.swift */,
				215A94811DF940ED00947A78 /* TeacherCheckinViewController.swift */,
				212976D71DFA836E00097A77 /* TeacherDailyReportViewController.swift */,
				21FA1B081DFE15360073AD87 /* TeacherTrackMilestonesViewController.swift */,
				21FA1B041DFE0B130073AD87 /* TeacherCreateEventViewController.swift */,
				21FA1B061DFE0FF80073AD87 /* TeacherCreateChildPhotoViewController.swift */,
				21C3B11F1E1B971900D73DF7 /* BigImageGalleryViewController.swift */,
				21FA1B0A1DFE16FE0073AD87 /* TeacherProfileViewController.swift */,
				210CEB711DFFDFA8001A4A2A /* DirectorCheckinViewController.swift */,
				210CEB6D1DFFBAF7001A4A2A /* DirectorCreateDailyReportViewController.swift */,
				210CEB731DFFE9E7001A4A2A /* DirectorTrackMilestoneViewController.swift */,
				2197280B1E07C499004640B1 /* DirectorCreateEventViewController.swift */,
				210CEB6B1DFFBA1C001A4A2A /* DirectorChildPhotoViewController.swift */,
				219728091E07BE3C004640B1 /* DirectorProfileViewController.swift */,
				2197280D1E07CA82004640B1 /* DirectorTrackPaymentViewController.swift */,
				2197280F1E07CF27004640B1 /* DirectorManageClassViewController.swift */,
				219728111E07E135004640B1 /* DirectorCreateLevelViewController.swift */,
				219728131E07E14A004640B1 /* DirectorCreateClassViewController.swift */,
				219728151E07E1D8004640B1 /* DirectorAddChildViewController.swift */,
				21E152671E0BA42E00388DE3 /* DirectorAddChild2ViewController.swift */,
				219728171E07E1E9004640B1 /* DirectorMoveChildViewController.swift */,
				219728191E07E1FB004640B1 /* DirectorPaymentViewController.swift */,
				2197281B1E07E211004640B1 /* DirectorMilestoneViewController.swift */,
				2197281D1E07E292004640B1 /* DirectorCreateMealViewController.swift */,
				51AA1B291E0E571600211430 /* DirectorAddChildNavC.swift */,
			);
			name = Controllers;
			sourceTree = "<group>";
		};
		512A27621DE98FA100B48013 /* CoreData */ = {
			isa = PBXGroup;
			children = (
				512A274B1DE9892200B48013 /* CreativeAppDirectorTeacher.xcdatamodeld */,
			);
			name = CoreData;
			sourceTree = "<group>";
		};
		518A0DB71DE9FB1800A7FFE8 /* Language */ = {
			isa = PBXGroup;
			children = (
				518A0DC71DEA0B6100A7FFE8 /* String+Localization.swift */,
				518A0DC41DEA095C00A7FFE8 /* Localizable.strings */,
			);
			name = Language;
			sourceTree = "<group>";
		};
		51E648841DE9CE1C004887F9 /* Fonts */ = {
			isa = PBXGroup;
			children = (
				51E6487A1DE9CE13004887F9 /* Roboto-Black.ttf */,
				51E6487B1DE9CE13004887F9 /* Roboto-Bold.ttf */,
				51E6487C1DE9CE13004887F9 /* Roboto-Light.ttf */,
				51E6487D1DE9CE13004887F9 /* Roboto-Medium.ttf */,
				51E6487E1DE9CE13004887F9 /* Roboto-Regular.ttf */,
			);
			name = Fonts;
			sourceTree = "<group>";
		};
		F6E16B2677DC725B2EEE0806 /* Frameworks */ = {
			isa = PBXGroup;
			children = (
				71D7C286166084089A9B9098 /* Pods_CreativeAppDirectorTeacher.framework */,
			);
			name = Frameworks;
			sourceTree = "<group>";
		};
/* End PBXGroup section */

/* Begin PBXNativeTarget section */
		512A27401DE9892100B48013 /* CreativeAppDirectorTeacher */ = {
			isa = PBXNativeTarget;
			buildConfigurationList = 512A27561DE9892200B48013 /* Build configuration list for PBXNativeTarget "CreativeAppDirectorTeacher" */;
			buildPhases = (
				402AFB8566C04453EF0DF51C /* [CP] Check Pods Manifest.lock */,
				512A273D1DE9892100B48013 /* Sources */,
				512A273E1DE9892100B48013 /* Frameworks */,
				512A273F1DE9892100B48013 /* Resources */,
				FE9DD608FDC73C2CC0A44E79 /* [CP] Embed Pods Frameworks */,
				6C4B6D3E452277511F44FBBB /* [CP] Copy Pods Resources */,
			);
			buildRules = (
			);
			dependencies = (
			);
			name = CreativeAppDirectorTeacher;
			productName = CreativeAppDirectorTeacher;
			productReference = 512A27411DE9892200B48013 /* CreativeAppDirectorTeacher.app */;
			productType = "com.apple.product-type.application";
		};
/* End PBXNativeTarget section */

/* Begin PBXProject section */
		512A27391DE9892100B48013 /* Project object */ = {
			isa = PBXProject;
			attributes = {
				LastSwiftUpdateCheck = 0800;
				LastUpgradeCheck = 0810;
				ORGANIZATIONNAME = EB;
				TargetAttributes = {
					512A27401DE9892100B48013 = {
						CreatedOnToolsVersion = 8.0;
						DevelopmentTeam = FX6C5866MT;
						LastSwiftMigration = 0820;
						ProvisioningStyle = Manual;
					};
				};
			};
			buildConfigurationList = 512A273C1DE9892100B48013 /* Build configuration list for PBXProject "CreativeAppDirectorTeacher" */;
			compatibilityVersion = "Xcode 3.2";
			developmentRegion = English;
			hasScannedForEncodings = 0;
			knownRegions = (
				en,
				Base,
				fr,
			);
			mainGroup = 512A27381DE9892100B48013;
			productRefGroup = 512A27421DE9892200B48013 /* Products */;
			projectDirPath = "";
			projectRoot = "";
			targets = (
				512A27401DE9892100B48013 /* CreativeAppDirectorTeacher */,
			);
		};
/* End PBXProject section */

/* Begin PBXResourcesBuildPhase section */
		512A273F1DE9892100B48013 /* Resources */ = {
			isa = PBXResourcesBuildPhase;
			buildActionMask = 2147483647;
			files = (
				512A27521DE9892200B48013 /* LaunchScreen.storyboard in Resources */,
				512A274F1DE9892200B48013 /* Assets.xcassets in Resources */,
				51E648831DE9CE13004887F9 /* Roboto-Regular.ttf in Resources */,
				51E648811DE9CE13004887F9 /* Roboto-Light.ttf in Resources */,
				518A0DC21DEA095C00A7FFE8 /* Localizable.strings in Resources */,
				51E648821DE9CE13004887F9 /* Roboto-Medium.ttf in Resources */,
				51E648801DE9CE13004887F9 /* Roboto-Bold.ttf in Resources */,
				512A274A1DE9892200B48013 /* Main.storyboard in Resources */,
				51E6487F1DE9CE13004887F9 /* Roboto-Black.ttf in Resources */,
			);
			runOnlyForDeploymentPostprocessing = 0;
		};
/* End PBXResourcesBuildPhase section */

/* Begin PBXShellScriptBuildPhase section */
		402AFB8566C04453EF0DF51C /* [CP] Check Pods Manifest.lock */ = {
			isa = PBXShellScriptBuildPhase;
			buildActionMask = 2147483647;
			files = (
			);
			inputPaths = (
			);
			name = "[CP] Check Pods Manifest.lock";
			outputPaths = (
			);
			runOnlyForDeploymentPostprocessing = 0;
			shellPath = /bin/sh;
			shellScript = "diff \"${PODS_ROOT}/../Podfile.lock\" \"${PODS_ROOT}/Manifest.lock\" > /dev/null\nif [ $? != 0 ] ; then\n    # print error to STDERR\n    echo \"error: The sandbox is not in sync with the Podfile.lock. Run 'pod install' or update your CocoaPods installation.\" >&2\n    exit 1\nfi\n";
			showEnvVarsInLog = 0;
		};
		6C4B6D3E452277511F44FBBB /* [CP] Copy Pods Resources */ = {
			isa = PBXShellScriptBuildPhase;
			buildActionMask = 2147483647;
			files = (
			);
			inputPaths = (
			);
			name = "[CP] Copy Pods Resources";
			outputPaths = (
			);
			runOnlyForDeploymentPostprocessing = 0;
			shellPath = /bin/sh;
			shellScript = "\"${SRCROOT}/Pods/Target Support Files/Pods-CreativeAppDirectorTeacher/Pods-CreativeAppDirectorTeacher-resources.sh\"\n";
			showEnvVarsInLog = 0;
		};
		FE9DD608FDC73C2CC0A44E79 /* [CP] Embed Pods Frameworks */ = {
			isa = PBXShellScriptBuildPhase;
			buildActionMask = 2147483647;
			files = (
			);
			inputPaths = (
			);
			name = "[CP] Embed Pods Frameworks";
			outputPaths = (
			);
			runOnlyForDeploymentPostprocessing = 0;
			shellPath = /bin/sh;
			shellScript = "\"${SRCROOT}/Pods/Target Support Files/Pods-CreativeAppDirectorTeacher/Pods-CreativeAppDirectorTeacher-frameworks.sh\"\n";
			showEnvVarsInLog = 0;
		};
/* End PBXShellScriptBuildPhase section */

/* Begin PBXSourcesBuildPhase section */
		512A273D1DE9892100B48013 /* Sources */ = {
			isa = PBXSourcesBuildPhase;
			buildActionMask = 2147483647;
			files = (
				210CEB721DFFDFA8001A4A2A /* DirectorCheckinViewController.swift in Sources */,
				2197281C1E07E211004640B1 /* DirectorMilestoneViewController.swift in Sources */,
				215A94821DF940ED00947A78 /* TeacherCheckinViewController.swift in Sources */,
				51AA1B241E0E4F4600211430 /* EmptySegue.swift in Sources */,
				219728121E07E135004640B1 /* DirectorCreateLevelViewController.swift in Sources */,
				210CEB6C1DFFBA1C001A4A2A /* DirectorChildPhotoViewController.swift in Sources */,
				21C3B1201E1B971900D73DF7 /* BigImageGalleryViewController.swift in Sources */,
				517419DE1E10E6AD00AF3CB4 /* MasterDirectorManageViewC.swift in Sources */,
				2197280C1E07C499004640B1 /* DirectorCreateEventViewController.swift in Sources */,
				219728101E07CF27004640B1 /* DirectorManageClassViewController.swift in Sources */,
				2197280E1E07CA82004640B1 /* DirectorTrackPaymentViewController.swift in Sources */,
				51AA1B281E0E50EE00211430 /* MasterTeacherViewC.swift in Sources */,
				210CEB6E1DFFBAF7001A4A2A /* DirectorCreateDailyReportViewController.swift in Sources */,
				21FA1B091DFE15360073AD87 /* TeacherTrackMilestonesViewController.swift in Sources */,
				219728161E07E1D8004640B1 /* DirectorAddChildViewController.swift in Sources */,
				512A275E1DE98BFB00B48013 /* WebConnection.swift in Sources */,
				2197281A1E07E1FB004640B1 /* DirectorPaymentViewController.swift in Sources */,
				51E648791DE9C7D4004887F9 /* Singleton.swift in Sources */,
				512A275D1DE98BFB00B48013 /* Utils.swift in Sources */,
				2197280A1E07BE3C004640B1 /* DirectorProfileViewController.swift in Sources */,
				2197281E1E07E292004640B1 /* DirectorCreateMealViewController.swift in Sources */,
				51AA1B261E0E50C600211430 /* MasterDirectorViewC.swift in Sources */,
				21FA1B0B1DFE16FE0073AD87 /* TeacherProfileViewController.swift in Sources */,
				512A27471DE9892200B48013 /* LoginViewC.swift in Sources */,
				219728141E07E14A004640B1 /* DirectorCreateClassViewController.swift in Sources */,
				21FA1B051DFE0B130073AD87 /* TeacherCreateEventViewController.swift in Sources */,
				51AA1B201E0E4CF100211430 /* DirectorHomeViewC.swift in Sources */,
				210CEB741DFFE9E7001A4A2A /* DirectorTrackMilestoneViewController.swift in Sources */,
				512A274D1DE9892200B48013 /* CreativeAppDirectorTeacher.xcdatamodeld in Sources */,
				219728181E07E1E9004640B1 /* DirectorMoveChildViewController.swift in Sources */,
				211DF5931E16731500BD39FD /* CreateEventTableViewCell.swift in Sources */,
				21E152681E0BA42E00388DE3 /* DirectorAddChild2ViewController.swift in Sources */,
				512A275C1DE98BFB00B48013 /* Define.swift in Sources */,
				512A27451DE9892200B48013 /* AppDelegate.swift in Sources */,
				518A0DC81DEA0B6100A7FFE8 /* String+Localization.swift in Sources */,
				211DF5911E16719700BD39FD /* DailyReportTableViewCell.swift in Sources */,
				51AA1B2A1E0E571600211430 /* DirectorAddChildNavC.swift in Sources */,
				212976D81DFA836E00097A77 /* TeacherDailyReportViewController.swift in Sources */,
				21C3B11E1E1B8CCF00D73DF7 /* TeacherGalleryCollectionViewCell.swift in Sources */,
				51AA1B221E0E4DBD00211430 /* TeacherHomeViewC.swift in Sources */,
				211DF5951E1676CE00BD39FD /* CheckInCollectionViewCell.swift in Sources */,
				21FA1B071DFE0FF80073AD87 /* TeacherCreateChildPhotoViewController.swift in Sources */,
			);
			runOnlyForDeploymentPostprocessing = 0;
		};
/* End PBXSourcesBuildPhase section */

/* Begin PBXVariantGroup section */
		512A27481DE9892200B48013 /* Main.storyboard */ = {
			isa = PBXVariantGroup;
			children = (
				512A27491DE9892200B48013 /* Base */,
				518A0DBE1DEA087200A7FFE8 /* fr */,
			);
			name = Main.storyboard;
			sourceTree = "<group>";
		};
		512A27501DE9892200B48013 /* LaunchScreen.storyboard */ = {
			isa = PBXVariantGroup;
			children = (
				512A27511DE9892200B48013 /* Base */,
				518A0DBF1DEA087200A7FFE8 /* fr */,
			);
			name = LaunchScreen.storyboard;
			sourceTree = "<group>";
		};
		518A0DC41DEA095C00A7FFE8 /* Localizable.strings */ = {
			isa = PBXVariantGroup;
			children = (
				518A0DC31DEA095C00A7FFE8 /* en */,
				518A0DC51DEA096200A7FFE8 /* fr */,
				518A0DC61DEA096500A7FFE8 /* Base */,
			);
			name = Localizable.strings;
			path = ..;
			sourceTree = "<group>";
		};
/* End PBXVariantGroup section */

/* Begin XCBuildConfiguration section */
		512A27541DE9892200B48013 /* Debug */ = {
			isa = XCBuildConfiguration;
			buildSettings = {
				ALWAYS_SEARCH_USER_PATHS = NO;
				CLANG_ANALYZER_LOCALIZABILITY_NONLOCALIZED = YES;
				CLANG_ANALYZER_NONNULL = YES;
				CLANG_CXX_LANGUAGE_STANDARD = "gnu++0x";
				CLANG_CXX_LIBRARY = "libc++";
				CLANG_ENABLE_MODULES = YES;
				CLANG_ENABLE_OBJC_ARC = YES;
				CLANG_WARN_BOOL_CONVERSION = YES;
				CLANG_WARN_CONSTANT_CONVERSION = YES;
				CLANG_WARN_DIRECT_OBJC_ISA_USAGE = YES_ERROR;
				CLANG_WARN_DOCUMENTATION_COMMENTS = YES;
				CLANG_WARN_EMPTY_BODY = YES;
				CLANG_WARN_ENUM_CONVERSION = YES;
				CLANG_WARN_INFINITE_RECURSION = YES;
				CLANG_WARN_INT_CONVERSION = YES;
				CLANG_WARN_OBJC_ROOT_CLASS = YES_ERROR;
				CLANG_WARN_SUSPICIOUS_MOVE = YES;
				CLANG_WARN_SUSPICIOUS_MOVES = YES;
				CLANG_WARN_UNREACHABLE_CODE = YES;
				CLANG_WARN__DUPLICATE_METHOD_MATCH = YES;
				CODE_SIGN_IDENTITY = "iPhone Developer: Rohit Singh (9GLGE7EB6S)";
				"CODE_SIGN_IDENTITY[sdk=iphoneos*]" = "iPhone Developer: Rohit Singh (9GLGE7EB6S)";
				COPY_PHASE_STRIP = NO;
				DEBUG_INFORMATION_FORMAT = dwarf;
				DEVELOPMENT_TEAM = FX6C5866MT;
				ENABLE_STRICT_OBJC_MSGSEND = YES;
				ENABLE_TESTABILITY = YES;
				GCC_C_LANGUAGE_STANDARD = gnu99;
				GCC_DYNAMIC_NO_PIC = NO;
				GCC_NO_COMMON_BLOCKS = YES;
				GCC_OPTIMIZATION_LEVEL = 0;
				GCC_PREPROCESSOR_DEFINITIONS = (
					"DEBUG=1",
					"$(inherited)",
				);
				GCC_WARN_64_TO_32_BIT_CONVERSION = YES;
				GCC_WARN_ABOUT_RETURN_TYPE = YES_ERROR;
				GCC_WARN_UNDECLARED_SELECTOR = YES;
				GCC_WARN_UNINITIALIZED_AUTOS = YES_AGGRESSIVE;
				GCC_WARN_UNUSED_FUNCTION = YES;
				GCC_WARN_UNUSED_VARIABLE = YES;
				IPHONEOS_DEPLOYMENT_TARGET = 10.0;
				MTL_ENABLE_DEBUG_INFO = YES;
				ONLY_ACTIVE_ARCH = YES;
				PROVISIONING_PROFILE = "218ee989-ee3b-4149-88e2-1b08b0bbc7df";
				SDKROOT = iphoneos;
				SWIFT_ACTIVE_COMPILATION_CONDITIONS = DEBUG;
				SWIFT_OPTIMIZATION_LEVEL = "-Onone";
				TARGETED_DEVICE_FAMILY = 2;
			};
			name = Debug;
		};
		512A27551DE9892200B48013 /* Release */ = {
			isa = XCBuildConfiguration;
			buildSettings = {
				ALWAYS_SEARCH_USER_PATHS = NO;
				CLANG_ANALYZER_LOCALIZABILITY_NONLOCALIZED = YES;
				CLANG_ANALYZER_NONNULL = YES;
				CLANG_CXX_LANGUAGE_STANDARD = "gnu++0x";
				CLANG_CXX_LIBRARY = "libc++";
				CLANG_ENABLE_MODULES = YES;
				CLANG_ENABLE_OBJC_ARC = YES;
				CLANG_WARN_BOOL_CONVERSION = YES;
				CLANG_WARN_CONSTANT_CONVERSION = YES;
				CLANG_WARN_DIRECT_OBJC_ISA_USAGE = YES_ERROR;
				CLANG_WARN_DOCUMENTATION_COMMENTS = YES;
				CLANG_WARN_EMPTY_BODY = YES;
				CLANG_WARN_ENUM_CONVERSION = YES;
				CLANG_WARN_INFINITE_RECURSION = YES;
				CLANG_WARN_INT_CONVERSION = YES;
				CLANG_WARN_OBJC_ROOT_CLASS = YES_ERROR;
				CLANG_WARN_SUSPICIOUS_MOVE = YES;
				CLANG_WARN_SUSPICIOUS_MOVES = YES;
				CLANG_WARN_UNREACHABLE_CODE = YES;
				CLANG_WARN__DUPLICATE_METHOD_MATCH = YES;
				CODE_SIGN_IDENTITY = "iPhone Developer: Rohit Singh (9GLGE7EB6S)";
				"CODE_SIGN_IDENTITY[sdk=iphoneos*]" = "iPhone Developer: Rohit Singh (9GLGE7EB6S)";
				COPY_PHASE_STRIP = NO;
				DEBUG_INFORMATION_FORMAT = "dwarf-with-dsym";
				DEVELOPMENT_TEAM = FX6C5866MT;
				ENABLE_NS_ASSERTIONS = NO;
				ENABLE_STRICT_OBJC_MSGSEND = YES;
				GCC_C_LANGUAGE_STANDARD = gnu99;
				GCC_NO_COMMON_BLOCKS = YES;
				GCC_WARN_64_TO_32_BIT_CONVERSION = YES;
				GCC_WARN_ABOUT_RETURN_TYPE = YES_ERROR;
				GCC_WARN_UNDECLARED_SELECTOR = YES;
				GCC_WARN_UNINITIALIZED_AUTOS = YES_AGGRESSIVE;
				GCC_WARN_UNUSED_FUNCTION = YES;
				GCC_WARN_UNUSED_VARIABLE = YES;
				IPHONEOS_DEPLOYMENT_TARGET = 10.0;
				MTL_ENABLE_DEBUG_INFO = NO;
				PROVISIONING_PROFILE = "218ee989-ee3b-4149-88e2-1b08b0bbc7df";
				SDKROOT = iphoneos;
				SWIFT_OPTIMIZATION_LEVEL = "-Owholemodule";
				TARGETED_DEVICE_FAMILY = 2;
				VALIDATE_PRODUCT = YES;
			};
			name = Release;
		};
		512A27571DE9892200B48013 /* Debug */ = {
			isa = XCBuildConfiguration;
			baseConfigurationReference = 31FE7B28A0BE0F884A033E44 /* Pods-CreativeAppDirectorTeacher.debug.xcconfig */;
			buildSettings = {
				ALWAYS_EMBED_SWIFT_STANDARD_LIBRARIES = YES;
				ASSETCATALOG_COMPILER_APPICON_NAME = AppIcon;
				CODE_SIGN_IDENTITY = "iPhone Developer: Rohit Singh (9GLGE7EB6S)";
				"CODE_SIGN_IDENTITY[sdk=iphoneos*]" = "iPhone Developer: Rohit Singh (9GLGE7EB6S)";
				DEVELOPMENT_TEAM = FX6C5866MT;
				INFOPLIST_FILE = CreativeAppDirectorTeacher/Info.plist;
				IPHONEOS_DEPLOYMENT_TARGET = 10.0;
				LD_RUNPATH_SEARCH_PATHS = "$(inherited) @executable_path/Frameworks";
				PRODUCT_BUNDLE_IDENTIFIER = EB.CreativeAppDirectorTeacher;
				PRODUCT_NAME = "$(TARGET_NAME)";
				PROVISIONING_PROFILE = "218ee989-ee3b-4149-88e2-1b08b0bbc7df";
				PROVISIONING_PROFILE_SPECIFIER = "XC Ad Hoc: *";
				SWIFT_VERSION = 3.0;
			};
			name = Debug;
		};
		512A27581DE9892200B48013 /* Release */ = {
			isa = XCBuildConfiguration;
			baseConfigurationReference = CAB979953302589A3B17B0FE /* Pods-CreativeAppDirectorTeacher.release.xcconfig */;
			buildSettings = {
				ALWAYS_EMBED_SWIFT_STANDARD_LIBRARIES = YES;
				ASSETCATALOG_COMPILER_APPICON_NAME = AppIcon;
				CODE_SIGN_IDENTITY = "iPhone Developer: Rohit Singh (9GLGE7EB6S)";
				"CODE_SIGN_IDENTITY[sdk=iphoneos*]" = "iPhone Developer: Rohit Singh (9GLGE7EB6S)";
				DEVELOPMENT_TEAM = FX6C5866MT;
				INFOPLIST_FILE = CreativeAppDirectorTeacher/Info.plist;
				IPHONEOS_DEPLOYMENT_TARGET = 10.0;
				LD_RUNPATH_SEARCH_PATHS = "$(inherited) @executable_path/Frameworks";
				PRODUCT_BUNDLE_IDENTIFIER = EB.CreativeAppDirectorTeacher;
				PRODUCT_NAME = "$(TARGET_NAME)";
				PROVISIONING_PROFILE = "218ee989-ee3b-4149-88e2-1b08b0bbc7df";
				PROVISIONING_PROFILE_SPECIFIER = "XC Ad Hoc: *";
				SWIFT_VERSION = 3.0;
			};
			name = Release;
		};
/* End XCBuildConfiguration section */

/* Begin XCConfigurationList section */
		512A273C1DE9892100B48013 /* Build configuration list for PBXProject "CreativeAppDirectorTeacher" */ = {
			isa = XCConfigurationList;
			buildConfigurations = (
				512A27541DE9892200B48013 /* Debug */,
				512A27551DE9892200B48013 /* Release */,
			);
			defaultConfigurationIsVisible = 0;
			defaultConfigurationName = Release;
		};
		512A27561DE9892200B48013 /* Build configuration list for PBXNativeTarget "CreativeAppDirectorTeacher" */ = {
			isa = XCConfigurationList;
			buildConfigurations = (
				512A27571DE9892200B48013 /* Debug */,
				512A27581DE9892200B48013 /* Release */,
			);
			defaultConfigurationIsVisible = 0;
			defaultConfigurationName = Release;
		};
/* End XCConfigurationList section */

/* Begin XCVersionGroup section */
		512A274B1DE9892200B48013 /* CreativeAppDirectorTeacher.xcdatamodeld */ = {
			isa = XCVersionGroup;
			children = (
				512A274C1DE9892200B48013 /* CreativeAppDirectorTeacher.xcdatamodel */,
			);
			currentVersion = 512A274C1DE9892200B48013 /* CreativeAppDirectorTeacher.xcdatamodel */;
			path = CreativeAppDirectorTeacher.xcdatamodeld;
			sourceTree = "<group>";
			versionGroupType = wrapper.xcdatamodel;
		};
/* End XCVersionGroup section */
	};
	rootObject = 512A27391DE9892100B48013 /* Project object */;
}
